
Microsoft Visual Studio Solution File, Format Version 12.00
# Visual Studio Version 17
VisualStudioVersion = 17.2.32630.192
MinimumVisualStudioVersion = 10.0.40219.1
Project("{F184B08F-C81C-45F6-A57F-5ABD9991F28F}") = "InfoTeamProject21", "InfoTeamProject21\InfoTeamProject21.vbproj", "{9A171C59-6F6E-449B-AD95-67D7C2B9B8DF}"
EndProject
Global
	GlobalSection(SolutionConfigurationPlatforms) = preSolution
		Debug|Any CPU = Debug|Any CPU
		Release|Any CPU = Release|Any CPU
	EndGlobalSection
	GlobalSection(ProjectConfigurationPlatforms) = postSolution
		{9A171C59-6F6E-449B-AD95-67D7C2B9B8DF}.Debug|Any CPU.ActiveCfg = Debug|Any CPU
		{9A171C59-6F6E-449B-AD95-67D7C2B9B8DF}.Debug|Any CPU.Build.0 = Debug|Any CPU
		{9A171C59-6F6E-449B-AD95-67D7C2B9B8DF}.Release|Any CPU.ActiveCfg = Release|Any CPU
		{9A171C59-6F6E-449B-AD95-67D7C2B9B8DF}.Release|Any CPU.Build.0 = Release|Any CPU
	EndGlobalSection
	GlobalSection(SolutionProperties) = preSolution
		HideSolutionNode = FALSE
	EndGlobalSection
	GlobalSection(ExtensibilityGlobals) = postSolution
		SolutionGuid = {B2D447E7-5D28-46B8-AE4B-18309B917F14}
	EndGlobalSection
EndGlobal
